{
  "name": "@uswitch/trustyle.funnel-progress",
  "version": "1.0.4",
  "lockfileVersion": 1,
  "requires": true,
  "dependencies": {
    "@uswitch/trustyle.icon": {
      "version": "1.0.0",
      "resolved": "https://registry.npmjs.org/@uswitch/trustyle.icon/-/trustyle.icon-1.0.0.tgz",
      "integrity": "sha512-l3qaQnifrQ3X0bGbnMdoGcPL/3yE+S55OvB29V1t7DMIkxhPQNaVTQ59iJrslBtjcJMmwLLdErqwII5Iox6GiA==",
      "requires": {
        "@uswitch/trustyle.styles": "^0.4.25"
      }
    },
    "@uswitch/trustyle.styles": {
      "version": "0.4.25",
      "resolved": "https://registry.npmjs.org/@uswitch/trustyle.styles/-/trustyle.styles-0.4.25.tgz",
      "integrity": "sha512-DCIBz8cs9XvLm65pNxc6aPhVg3Cna1caGoXXtup31/Zc2HCjwu86VaK81Vz90MXNepqGYeYsbK49gkAVQOGmBg==",
      "requires": {
        "facepaint": "^1.2.1"
      }
    },
    "facepaint": {
      "version": "1.2.1",
      "resolved": "https://registry.npmjs.org/facepaint/-/facepaint-1.2.1.tgz",
      "integrity": "sha512-oNvBekbhsm/0PNSOWca5raHNAi6dG960Bx6LJgxDPNF59WpuspgQ17bN5MKwOr7JcFdQYc7StW3VZ28DBZLavQ=="
    }
  }
}
