{
  "name": "@uswitch/trustyle.accordion",
  "version": "0.1.10",
  "lockfileVersion": 1,
  "requires": true,
  "dependencies": {
    "@uswitch/trustyle.icon": {
      "version": "0.2.49",
      "resolved": "https://registry.npmjs.org/@uswitch/trustyle.icon/-/trustyle.icon-0.2.49.tgz",
      "integrity": "sha512-JuiSTMDeDtnxmgtb98tPjd6ESZlFXAdjbljq1Sr4a6O39WMW1/F2BX4AteGLXFwiKVeRBcVAUT54bOZgcIP6Fg==",
      "requires": {
        "@uswitch/trustyle.styles": "^0.4.25"
      }
    },
    "@uswitch/trustyle.styles": {
      "version": "0.4.25",
      "resolved": "https://registry.npmjs.org/@uswitch/trustyle.styles/-/trustyle.styles-0.4.25.tgz",
      "integrity": "sha512-DCIBz8cs9XvLm65pNxc6aPhVg3Cna1caGoXXtup31/Zc2HCjwu86VaK81Vz90MXNepqGYeYsbK49gkAVQOGmBg==",
      "requires": {
        "facepaint": "^1.2.1"
      }
    },
    "facepaint": {
      "version": "1.2.1",
      "resolved": "https://registry.npmjs.org/facepaint/-/facepaint-1.2.1.tgz",
      "integrity": "sha512-oNvBekbhsm/0PNSOWca5raHNAi6dG960Bx6LJgxDPNF59WpuspgQ17bN5MKwOr7JcFdQYc7StW3VZ28DBZLavQ=="
    },
    "typescript": {
      "version": "3.7.5",
      "resolved": "https://registry.npmjs.org/typescript/-/typescript-3.7.5.tgz",
      "integrity": "sha512-/P5lkRXkWHNAbcJIiHPfRoKqyd7bsyCma1hZNUGfn20qm64T6ZBlrzprymeu918H+mB/0rIg2gGK/BXkhhYgBw==",
      "dev": true
    }
  }
}
