{
  "name": "@uswitch/trustyle.author",
  "version": "0.1.2",
  "lockfileVersion": 1,
  "requires": true,
  "dependencies": {
    "@uswitch/trustyle.date": {
      "version": "0.0.4",
      "resolved": "https://registry.npmjs.org/@uswitch/trustyle.date/-/trustyle.date-0.0.4.tgz",
      "integrity": "sha512-q6FOfHrovCd2yEiaubxWF+D9aw9vkm9BA+i8eyixoay7islnmONRPagqIxYbmX35u6DhNPXzbBsbJtGIdxSNUw==",
      "requires": {
        "dayjs": "^1.8.19"
      }
    },
    "dayjs": {
      "version": "1.8.19",
      "resolved": "https://registry.npmjs.org/dayjs/-/dayjs-1.8.19.tgz",
      "integrity": "sha512-7kqOoj3oQSmqbvtvGFLU5iYqies+SqUiEGNT0UtUPPxcPYgY1BrkXR0Cq2R9HYSimBXN+xHkEN4Hi399W+Ovlg=="
    }
  }
}
