{
  "name": "@uswitch/trustyle.author",
  "version": "0.1.0",
  "lockfileVersion": 1,
  "requires": true,
  "dependencies": {
    "@uswitch/trustyle.date": {
      "version": "0.0.2",
      "resolved": "https://registry.npmjs.org/@uswitch/trustyle.date/-/trustyle.date-0.0.2.tgz",
      "integrity": "sha512-9EHTd/ybhJV0UuJaO75onJmxjU5R1Kpl2LE+c86spZLQ9Bw822Rv3U8BKzXesydL7kozzDnrKiSsyPRgkbTvTA==",
      "requires": {
        "dayjs": "^1.8.19"
      }
    },
    "dayjs": {
      "version": "1.8.19",
      "resolved": "https://registry.npmjs.org/dayjs/-/dayjs-1.8.19.tgz",
      "integrity": "sha512-7kqOoj3oQSmqbvtvGFLU5iYqies+SqUiEGNT0UtUPPxcPYgY1BrkXR0Cq2R9HYSimBXN+xHkEN4Hi399W+Ovlg=="
    }
  }
}
