{
  "name": "@uswitch/trustyle.author",
  "version": "0.1.3",
  "lockfileVersion": 1,
  "requires": true,
  "dependencies": {
    "@uswitch/trustyle.date": {
      "version": "0.0.5",
      "resolved": "https://registry.npmjs.org/@uswitch/trustyle.date/-/trustyle.date-0.0.5.tgz",
      "integrity": "sha512-o03Ee59hmrAInXnVv2G+YdNxSL2DU3OQnT1ubWDQJOkZamUaBPNJkgCXFIrDRoclieAL/B368EOZY05vaCQ9OA==",
      "requires": {
        "dayjs": "^1.8.19"
      }
    },
    "dayjs": {
      "version": "1.8.20",
      "resolved": "https://registry.npmjs.org/dayjs/-/dayjs-1.8.20.tgz",
      "integrity": "sha512-mH0MCDxw6UCGJYxVN78h8ugWycZAO8thkj3bW6vApL5tS0hQplIDdAQcmbvl7n35H0AKdCJQaArTrIQw2xt4Qg=="
    }
  }
}
