{
	"name": "@uswitch/trustyle.icon",
	"version": "0.2.47",
	"lockfileVersion": 1,
	"requires": true,
	"dependencies": {
		"@uswitch/trustyle.styles": {
			"version": "0.4.23",
			"resolved": "https://registry.npmjs.org/@uswitch/trustyle.styles/-/trustyle.styles-0.4.23.tgz",
			"integrity": "sha512-iT25hrDM6/Nd+xjW7ihK5nw8wse7ItlOY2u/HY/qRWmSMEyfo9mQiqb+ELpmdw62PCrnMWZ/BYVITmaj7lJNNA==",
			"requires": {
				"facepaint": "^1.2.1"
			}
		},
		"facepaint": {
			"version": "1.2.1",
			"resolved": "https://registry.npmjs.org/facepaint/-/facepaint-1.2.1.tgz",
			"integrity": "sha512-oNvBekbhsm/0PNSOWca5raHNAi6dG960Bx6LJgxDPNF59WpuspgQ17bN5MKwOr7JcFdQYc7StW3VZ28DBZLavQ=="
		},
		"typescript": {
			"version": "3.6.2",
			"resolved": "https://registry.npmjs.org/typescript/-/typescript-3.6.2.tgz",
			"integrity": "sha512-lmQ4L+J6mnu3xweP8+rOrUwzmN+MRAj7TgtJtDaXE5PMyX2kCrklhg3rvOsOIfNeAWMQWO2F1GPc1kMD2vLAfw==",
			"dev": true
		}
	}
}
