{
  "name": "@uswitch/trustyle.template",
  "version": "0.0.0",
  "lockfileVersion": 1,
  "requires": true,
  "dependencies": {
    "@uswitch/trustyle.author": {
      "version": "0.1.5",
      "resolved": "https://registry.npmjs.org/@uswitch/trustyle.author/-/trustyle.author-0.1.5.tgz",
      "integrity": "sha512-OVb6IMtwLBt79O1GjDIhTZt0OufYtzrlvNTaGfQA5CWyGDXcLTiCdsYQwCL9ror7J/A+/b7zfRzkcM764CQ/FQ==",
      "dev": true,
      "requires": {
        "@uswitch/trustyle.date": "^0.0.6"
      }
    },
    "@uswitch/trustyle.date": {
      "version": "0.0.6",
      "resolved": "https://registry.npmjs.org/@uswitch/trustyle.date/-/trustyle.date-0.0.6.tgz",
      "integrity": "sha512-HZMXpun1L1npZ9CDYfiy4tE44x5eC43uBw/lIknBIla7/zfxovTm9QYvEPditst9uBRVj7SMYI1iKiSkC/Uc2g==",
      "dev": true,
      "requires": {
        "dayjs": "^1.8.19"
      }
    },
    "dayjs": {
      "version": "1.8.20",
      "resolved": "https://registry.npmjs.org/dayjs/-/dayjs-1.8.20.tgz",
      "integrity": "sha512-mH0MCDxw6UCGJYxVN78h8ugWycZAO8thkj3bW6vApL5tS0hQplIDdAQcmbvl7n35H0AKdCJQaArTrIQw2xt4Qg==",
      "dev": true
    }
  }
}
