{
  "name": "@uswitch/trustyle.cta",
  "version": "0.1.2",
  "lockfileVersion": 1,
  "requires": true,
  "dependencies": {
    "@uswitch/trustyle.button-link": {
      "version": "0.3.3",
      "resolved": "https://registry.npmjs.org/@uswitch/trustyle.button-link/-/trustyle.button-link-0.3.3.tgz",
      "integrity": "sha512-INxznpebGPDPGntxN0zNfu+pBRhvaWisTDCZU7JIK+XJNv8xnzGn74kbj3osnTlyBo+PUSjhI98Ez4QP7dVcBA=="
    }
  }
}
