{
  "name": "@uswitch/trustyle.cta",
  "version": "0.1.6",
  "lockfileVersion": 1,
  "requires": true,
  "dependencies": {
    "@uswitch/trustyle.button-link": {
      "version": "0.3.7",
      "resolved": "https://registry.npmjs.org/@uswitch/trustyle.button-link/-/trustyle.button-link-0.3.7.tgz",
      "integrity": "sha512-VUR4QSbvLITcxrQ4HFsi7YnmGI89YqCSPKAUxFVTqT93I3s09XPU0MztIztO3X5OpRfYA660oHcG+XCgL/PKLA=="
    }
  }
}
