{
  "name": "@uswitch/trustyle.cta",
  "version": "0.1.1",
  "lockfileVersion": 1,
  "requires": true,
  "dependencies": {
    "@uswitch/trustyle.button-link": {
      "version": "0.3.2",
      "resolved": "https://registry.npmjs.org/@uswitch/trustyle.button-link/-/trustyle.button-link-0.3.2.tgz",
      "integrity": "sha512-GqviUi3DWagbzxBhPUrBBISnqhwFoEofkHd9tnk1mhoz0h0gSOuZpzXqOF1WIQO7zvp/xFvfeEGGEaphVD9wwg=="
    }
  }
}
