{
  "name": "@uswitch/trustyle-utils.theme-composer",
  "version": "0.0.0",
  "lockfileVersion": 1,
  "requires": true,
  "dependencies": {
    "@babel/runtime": {
      "version": "7.9.2",
      "resolved": "https://registry.npmjs.org/@babel/runtime/-/runtime-7.9.2.tgz",
      "integrity": "sha512-NE2DtOdufG7R5vnfQUTehdTfNycfUANEtCa9PssN9O/xmTzP4E08UI797ixaei6hBEVL9BI/PsdJS5x7mWoB9Q==",
      "dev": true,
      "requires": {
        "regenerator-runtime": "^0.13.4"
      }
    },
    "@theme-ui/color": {
      "version": "0.3.1",
      "resolved": "https://registry.npmjs.org/@theme-ui/color/-/color-0.3.1.tgz",
      "integrity": "sha512-Bgew6etspp087AdrKuMpcWjIQDQ8UTp28wtHCXgi1Ip5ClFn9i91DvaKgqXk9UwQJFL/IwydX8Bks/+u9tf0WA==",
      "dev": true,
      "requires": {
        "@theme-ui/css": "^0.3.1",
        "polished": "^3.4.1"
      }
    },
    "@theme-ui/css": {
      "version": "0.3.1",
      "resolved": "https://registry.npmjs.org/@theme-ui/css/-/css-0.3.1.tgz",
      "integrity": "sha512-QB2/fZBpo4inaLHL3OrB8NOBgNfwnj8GtHzXWHb9iQSRjmtNX8zPXBe32jLT7qQP0+y8JxPT4YChZIkm5ZyIdg==",
      "dev": true
    },
    "@types/theme-ui__color": {
      "version": "0.3.0",
      "resolved": "https://registry.npmjs.org/@types/theme-ui__color/-/theme-ui__color-0.3.0.tgz",
      "integrity": "sha512-Ocb194qCeq+9Le3wC99UBAC8qJxxjSGrjoJULR4pxvJS3lXICW3hSo/dB6CDWvvTLIhtCwasjBa0B3ypw+z0Ww==",
      "dev": true,
      "requires": {
        "polished": "^3.4.1"
      }
    },
    "@uswitch/trustyle-utils.get": {
      "version": "1.0.2",
      "resolved": "https://registry.npmjs.org/@uswitch/trustyle-utils.get/-/trustyle-utils.get-1.0.2.tgz",
      "integrity": "sha512-MmMwq9CUJhv9aF2SICsJd1IYnEH9D+iA5s97W21nHU2UOj73Fg10pForIhcPhs/Rxnmy677T/B/pjaSPnSjMDA==",
      "dev": true
    },
    "@uswitch/trustyle-utils.palette": {
      "version": "1.0.2",
      "resolved": "https://registry.npmjs.org/@uswitch/trustyle-utils.palette/-/trustyle-utils.palette-1.0.2.tgz",
      "integrity": "sha512-D3JchxeXqEcTvpfnp4vK1Ek8UuSRXD0FAu2h6p6h5SMeUaCDzv2A0w/NIaI7t9skAXIh2S/2avDEnoZN9YC6Mg==",
      "dev": true
    },
    "@uswitch/trustyle.accordion": {
      "version": "0.2.10",
      "resolved": "https://registry.npmjs.org/@uswitch/trustyle.accordion/-/trustyle.accordion-0.2.10.tgz",
      "integrity": "sha512-Djurbapdir4ouTKPwxhlHM18aLpbLUzDpPkplj09qlDoyApBh92CZVDK3ptwpDw6qiKUZA0DkW3mauN366Uy6A==",
      "dev": true,
      "requires": {
        "@uswitch/trustyle.icon": "^1.0.2"
      }
    },
    "@uswitch/trustyle.article-intro": {
      "version": "0.0.9",
      "resolved": "https://registry.npmjs.org/@uswitch/trustyle.article-intro/-/trustyle.article-intro-0.0.9.tgz",
      "integrity": "sha512-ODkjFY1LIiDEk8KVMyq4+9QFOPuY0K6lG2CPJvMsfLf/iNRHUllTVPqu5VneClFpU1yNAtMf57L3edVfuLTQQQ==",
      "dev": true
    },
    "@uswitch/trustyle.author": {
      "version": "0.1.11",
      "resolved": "https://registry.npmjs.org/@uswitch/trustyle.author/-/trustyle.author-0.1.11.tgz",
      "integrity": "sha512-Iw4zG9eRxa2ZG6Y2r73j9JPxY9aYUDEQ1fyR4oWIRi/PuUTXB3qi2wwJ1Iwzdv9j/D55k2x1H3g5Bcn03gQ7qQ==",
      "dev": true,
      "requires": {
        "@uswitch/trustyle.date": "^0.0.6"
      }
    },
    "@uswitch/trustyle.author-profile": {
      "version": "0.1.1",
      "resolved": "https://registry.npmjs.org/@uswitch/trustyle.author-profile/-/trustyle.author-profile-0.1.1.tgz",
      "integrity": "sha512-RkebpymnCzmghYMCkcChly418baDY13VNjMlWb/3NGdXY4icjvREHPIHDIBclGFmzaKwE9Mf+mU2Vqy/eAaJZg==",
      "dev": true
    },
    "@uswitch/trustyle.badge": {
      "version": "1.0.0",
      "resolved": "https://registry.npmjs.org/@uswitch/trustyle.badge/-/trustyle.badge-1.0.0.tgz",
      "integrity": "sha512-yUhk9dpOWkw6ue9fFX3hnLG4Uqep8RsLytZ/9pfXklNz8pWZNV9qSEsa3AHlB9oCPlt55cmEg3b+zsHnjam6FQ==",
      "dev": true
    },
    "@uswitch/trustyle.breadcrumbs": {
      "version": "1.0.5",
      "resolved": "https://registry.npmjs.org/@uswitch/trustyle.breadcrumbs/-/trustyle.breadcrumbs-1.0.5.tgz",
      "integrity": "sha512-Ekuf3eUU7YfbtZfsPHYnT6WCEvT3K8yTny62Y1Zgzwh4XUQxsxvlOl66zn0H1R3ESOVBmB5nLvwLmJLken00zA==",
      "dev": true,
      "requires": {
        "@uswitch/trustyle-utils.get": "^1.0.2",
        "@uswitch/trustyle.icon": "^1.0.2"
      }
    },
    "@uswitch/trustyle.button": {
      "version": "0.11.10",
      "resolved": "https://registry.npmjs.org/@uswitch/trustyle.button/-/trustyle.button-0.11.10.tgz",
      "integrity": "sha512-2k8FvGgDDD7OR6E2/Mjgm5T5kFu75CpyitF/2W0oSTZh/tRvl9RGNTLs1c5J009uRJC6u4F1SDt0gf8Yd0c76g==",
      "dev": true,
      "requires": {
        "@theme-ui/color": "^0.3.1",
        "@types/theme-ui__color": "0.3.0",
        "@uswitch/trustyle-utils.get": "^1.0.2"
      }
    },
    "@uswitch/trustyle.button-link": {
      "version": "0.5.0",
      "resolved": "https://registry.npmjs.org/@uswitch/trustyle.button-link/-/trustyle.button-link-0.5.0.tgz",
      "integrity": "sha512-TVXcD+7uDIIoxd+tnkKuhMYRrVFew8EK2Cw3G+YCZYkik9QqeKXehY1SR86zkzHsH5AUG5FjToQaZP2f7k4RTw==",
      "dev": true
    },
    "@uswitch/trustyle.call-out": {
      "version": "0.2.4",
      "resolved": "https://registry.npmjs.org/@uswitch/trustyle.call-out/-/trustyle.call-out-0.2.4.tgz",
      "integrity": "sha512-olbfHSBJdQbLqpQsW/03dAKI7LcJvasDyx9bwKwXFk8ERCzmG5CdP4Fi3z3WWo4bVTM7Uq4S8fjDIsdTJ35Xkw==",
      "dev": true,
      "requires": {
        "@uswitch/trustyle-utils.palette": "^1.0.2",
        "@uswitch/trustyle.icon": "^1.0.2"
      }
    },
    "@uswitch/trustyle.card": {
      "version": "0.2.17",
      "resolved": "https://registry.npmjs.org/@uswitch/trustyle.card/-/trustyle.card-0.2.17.tgz",
      "integrity": "sha512-psi0Lp38gvpAmtdDwqzXegOngShzzUTVYJgc5i450AnngwX9ypK8dytmskXTf9RCvOOzp4p4ZltBGXHnj8Gl1A==",
      "dev": true,
      "requires": {
        "@uswitch/trustyle.flex-grid": "^2.1.1",
        "@uswitch/trustyle.imgix-image": "^0.1.34"
      }
    },
    "@uswitch/trustyle.category": {
      "version": "1.1.12",
      "resolved": "https://registry.npmjs.org/@uswitch/trustyle.category/-/trustyle.category-1.1.12.tgz",
      "integrity": "sha512-EgEAGNp6pgV6xGLG7kIfN6JenLfxVUn0ksjJsS/87WrgI+uLZ0fOqJ2CkuUEQd5aIb8mEzheT2AEeid8/e/Hyg==",
      "dev": true,
      "requires": {
        "@uswitch/trustyle.flex-grid": "^2.1.1"
      }
    },
    "@uswitch/trustyle.cta": {
      "version": "0.2.6",
      "resolved": "https://registry.npmjs.org/@uswitch/trustyle.cta/-/trustyle.cta-0.2.6.tgz",
      "integrity": "sha512-Cv6DRiGtYUQeV5MzRU0hXSXqzz3FtaWFyW0+lqhnVVOeLprLbbhIPzjTRJkc5vcbKic7g25cGoLJe2qGcZFTkQ==",
      "dev": true,
      "requires": {
        "@uswitch/trustyle-utils.get": "^1.0.2",
        "@uswitch/trustyle.button-link": "^0.5.0"
      }
    },
    "@uswitch/trustyle.date": {
      "version": "0.0.6",
      "resolved": "https://registry.npmjs.org/@uswitch/trustyle.date/-/trustyle.date-0.0.6.tgz",
      "integrity": "sha512-HZMXpun1L1npZ9CDYfiy4tE44x5eC43uBw/lIknBIla7/zfxovTm9QYvEPditst9uBRVj7SMYI1iKiSkC/Uc2g==",
      "dev": true,
      "requires": {
        "dayjs": "^1.8.19"
      }
    },
    "@uswitch/trustyle.flex-grid": {
      "version": "2.1.1",
      "resolved": "https://registry.npmjs.org/@uswitch/trustyle.flex-grid/-/trustyle.flex-grid-2.1.1.tgz",
      "integrity": "sha512-JxP6NvwxYwoDZYZGym2xS/hKK076JghffKgVarH+9OVY1Y7s9x8nx7Vl04Te4NT7peT8oKEPDj49cYB1htd1Pg==",
      "dev": true
    },
    "@uswitch/trustyle.frozen-input": {
      "version": "1.0.2",
      "resolved": "https://registry.npmjs.org/@uswitch/trustyle.frozen-input/-/trustyle.frozen-input-1.0.2.tgz",
      "integrity": "sha512-vP7FshDDnUyvXaYnowxlgpFqBE3LzAPkd7rnFNr1rTyNjke0XWXPYy+eyOmquv37HHFN4y5+3vZBxfECSPJOZA==",
      "dev": true,
      "requires": {
        "@uswitch/trustyle.icon": "^1.0.2",
        "@uswitch/trustyle.styles": "^0.4.27"
      }
    },
    "@uswitch/trustyle.funnel-progress": {
      "version": "1.0.6",
      "resolved": "https://registry.npmjs.org/@uswitch/trustyle.funnel-progress/-/trustyle.funnel-progress-1.0.6.tgz",
      "integrity": "sha512-wYNmykZYuRhhoIwRaKoof8ChOjFHEFgWZcEJdbcyZAjO39L6u5xkjHIL+M4DeJK/Wo2q15wLCteGi6AVHZBQ1Q==",
      "dev": true,
      "requires": {
        "@uswitch/trustyle.icon": "^1.0.2"
      }
    },
    "@uswitch/trustyle.hero": {
      "version": "2.0.0",
      "resolved": "https://registry.npmjs.org/@uswitch/trustyle.hero/-/trustyle.hero-2.0.0.tgz",
      "integrity": "sha512-57s9iMcYWJiBWigfEWpW5ZWV0ixJQhOLs3MEHDdh0t9plX1/wgMsDAK1TNeHUNymQzywzr8F3S2/FLJTFCgk3A==",
      "dev": true
    },
    "@uswitch/trustyle.icon": {
      "version": "1.0.2",
      "resolved": "https://registry.npmjs.org/@uswitch/trustyle.icon/-/trustyle.icon-1.0.2.tgz",
      "integrity": "sha512-2dNKSeYVzsfHQHF3hpWg2pusk2GBkE9fgqbnddAJ9gbkZIl04hDDeB/PAWi5RQPPtHuFcKzXFLUfAEV5vr4VPA==",
      "dev": true,
      "requires": {
        "@uswitch/trustyle.styles": "^0.4.27"
      }
    },
    "@uswitch/trustyle.imgix-image": {
      "version": "0.1.34",
      "resolved": "https://registry.npmjs.org/@uswitch/trustyle.imgix-image/-/trustyle.imgix-image-0.1.34.tgz",
      "integrity": "sha512-B/PP6oW0qJHOGTvN3G2WhZORO4/czMS4TMZ+mny0qe1px4zqk1PysEYuBW+UVodOkv9xGyfTWlkLxS87dMS81w==",
      "dev": true,
      "requires": {
        "react-imgix": "^8.6.1"
      }
    },
    "@uswitch/trustyle.input": {
      "version": "0.3.56",
      "resolved": "https://registry.npmjs.org/@uswitch/trustyle.input/-/trustyle.input-0.3.56.tgz",
      "integrity": "sha512-z88/HJxy9M0izpzvIsdYj8zv/zNHCUetMp/SMrWXOJxuVwWDKq0JcN9Vl2VFAysyWrzw799HyY5c8NmR8m0YKg==",
      "dev": true,
      "requires": {
        "@uswitch/trustyle.frozen-input": "^1.0.2",
        "@uswitch/trustyle.styles": "^0.4.27",
        "lodash.debounce": "^4.0.8",
        "react-input-mask": "^2.0.4"
      }
    },
    "@uswitch/trustyle.list": {
      "version": "0.2.9",
      "resolved": "https://registry.npmjs.org/@uswitch/trustyle.list/-/trustyle.list-0.2.9.tgz",
      "integrity": "sha512-nQyBkqLpcJiOAzbwWy33ltPU/s0E6L4tCMD0kBO+ljjdv9VZu3jaLLqPZQmSAmqCFv236bjzS8I1AIOU01+R+A==",
      "dev": true
    },
    "@uswitch/trustyle.money-theme": {
      "version": "0.9.6",
      "resolved": "https://registry.npmjs.org/@uswitch/trustyle.money-theme/-/trustyle.money-theme-0.9.6.tgz",
      "integrity": "sha512-B2u1YFj/AW0f8UxoA2TtSM7DckO6Q9tPW1Igys+UQOrfp4D9+BCQW/LFtwijrIjh4yfkxwgrS/LMyy/pqV2mIw==",
      "dev": true
    },
    "@uswitch/trustyle.pagination": {
      "version": "0.1.14",
      "resolved": "https://registry.npmjs.org/@uswitch/trustyle.pagination/-/trustyle.pagination-0.1.14.tgz",
      "integrity": "sha512-RLzqPtRQiKmtyn/4BXMHSA0uY8FmWfdFWavLeATKJNAip903wIcAOmBR/zotP+N0Pr4O5uAIAJBkEZWEbhr9uA==",
      "dev": true,
      "requires": {
        "@uswitch/trustyle.icon": "^1.0.2"
      }
    },
    "@uswitch/trustyle.side-nav": {
      "version": "0.2.11",
      "resolved": "https://registry.npmjs.org/@uswitch/trustyle.side-nav/-/trustyle.side-nav-0.2.11.tgz",
      "integrity": "sha512-zXmGLEK8ierFr1vK3Cpr64fQZxMp1wp5YQzpJYHHLRp9TH9yDmI/GJO2kd7AKGqpACnDtFLcQuxHo11wagmlKQ==",
      "dev": true,
      "requires": {
        "@uswitch/trustyle.accordion": "^0.2.10"
      }
    },
    "@uswitch/trustyle.styles": {
      "version": "0.4.27",
      "resolved": "https://registry.npmjs.org/@uswitch/trustyle.styles/-/trustyle.styles-0.4.27.tgz",
      "integrity": "sha512-DYuKgQdbmKSXe90paNF1odYxwG7tSro8hEK5a02ka7CS6eIhin1J7SQNo1rkUi5nNGVFj6UusLovTgRQE/xTRA==",
      "dev": true,
      "requires": {
        "facepaint": "^1.2.1"
      }
    },
    "@uswitch/trustyle.toggle-switch": {
      "version": "1.1.3",
      "resolved": "https://registry.npmjs.org/@uswitch/trustyle.toggle-switch/-/trustyle.toggle-switch-1.1.3.tgz",
      "integrity": "sha512-rTqlpCr2Fu8xos9TAAQueJR2+1vyu7mq/WDSc8KAd6zylMeUmwM6YUc5uB9KfeG4UPI5dblNWNHvpC9W1D7j7g==",
      "dev": true,
      "requires": {
        "@uswitch/trustyle-utils.palette": "^1.0.2"
      }
    },
    "arg": {
      "version": "4.1.3",
      "resolved": "https://registry.npmjs.org/arg/-/arg-4.1.3.tgz",
      "integrity": "sha512-58S9QDqG0Xx27YwPSt9fJxivjYl432YCwfDMfZ+71RAqUrZef7LrKQZ3LHLOwCS4FLNBplP533Zx895SeOCHvA==",
      "dev": true
    },
    "buffer-from": {
      "version": "1.1.1",
      "resolved": "https://registry.npmjs.org/buffer-from/-/buffer-from-1.1.1.tgz",
      "integrity": "sha512-MQcXEUbCKtEo7bhqEs6560Hyd4XaovZlO/k9V3hjVUF/zwW7KBVdSK4gIt/bzwS9MbR5qob+F5jusZsb0YQK2A==",
      "dev": true
    },
    "dayjs": {
      "version": "1.8.23",
      "resolved": "https://registry.npmjs.org/dayjs/-/dayjs-1.8.23.tgz",
      "integrity": "sha512-NmYHMFONftoZbeOhVz6jfiXI4zSiPN6NoVWJgC0aZQfYVwzy/ZpESPHuCcI0B8BUMpSJQ08zenHDbofOLKq8hQ==",
      "dev": true
    },
    "diff": {
      "version": "4.0.2",
      "resolved": "https://registry.npmjs.org/diff/-/diff-4.0.2.tgz",
      "integrity": "sha512-58lmxKSA4BNyLz+HHMUzlOEpg09FV+ev6ZMe3vJihgdxzgcwZ8VoEEPmALCZG9LmqfVoNMMKpttIYTVG6uDY7A==",
      "dev": true
    },
    "facepaint": {
      "version": "1.2.1",
      "resolved": "https://registry.npmjs.org/facepaint/-/facepaint-1.2.1.tgz",
      "integrity": "sha512-oNvBekbhsm/0PNSOWca5raHNAi6dG960Bx6LJgxDPNF59WpuspgQ17bN5MKwOr7JcFdQYc7StW3VZ28DBZLavQ==",
      "dev": true
    },
    "get-node-dimensions": {
      "version": "1.2.1",
      "resolved": "https://registry.npmjs.org/get-node-dimensions/-/get-node-dimensions-1.2.1.tgz",
      "integrity": "sha512-2MSPMu7S1iOTL+BOa6K1S62hB2zUAYNF/lV0gSVlOaacd087lc6nR1H1r0e3B1CerTo+RceOmi1iJW+vp21xcQ==",
      "dev": true
    },
    "invariant": {
      "version": "2.2.4",
      "resolved": "https://registry.npmjs.org/invariant/-/invariant-2.2.4.tgz",
      "integrity": "sha512-phJfQVBuaJM5raOpJjSfkiD6BpbCE4Ns//LaXl6wGYtUBY83nWS6Rf9tXm2e8VaK60JEjYldbPif/A2B1C2gNA==",
      "dev": true,
      "requires": {
        "loose-envify": "^1.0.0"
      }
    },
    "js-base64": {
      "version": "2.5.2",
      "resolved": "https://registry.npmjs.org/js-base64/-/js-base64-2.5.2.tgz",
      "integrity": "sha512-Vg8czh0Q7sFBSUMWWArX/miJeBWYBPpdU/3M/DKSaekLMqrqVPaedp+5mZhie/r0lgrcaYBfwXatEew6gwgiQQ==",
      "dev": true
    },
    "js-tokens": {
      "version": "4.0.0",
      "resolved": "https://registry.npmjs.org/js-tokens/-/js-tokens-4.0.0.tgz",
      "integrity": "sha512-RdJUflcE3cUzKiMqQgsCu06FPu9UdIJO0beYbPhHN4k6apgJtifcoCtT9bcxOpYBtpD2kCM6Sbzg4CausW/PKQ==",
      "dev": true
    },
    "lodash.debounce": {
      "version": "4.0.8",
      "resolved": "https://registry.npmjs.org/lodash.debounce/-/lodash.debounce-4.0.8.tgz",
      "integrity": "sha1-gteb/zCmfEAF/9XiUVMArZyk168=",
      "dev": true
    },
    "loose-envify": {
      "version": "1.4.0",
      "resolved": "https://registry.npmjs.org/loose-envify/-/loose-envify-1.4.0.tgz",
      "integrity": "sha512-lyuxPGr/Wfhrlem2CL/UcnUc1zcqKAImBDzukY7Y5F/yQiNdko6+fRLevlw1HgMySw7f611UIY408EtxRSoK3Q==",
      "dev": true,
      "requires": {
        "js-tokens": "^3.0.0 || ^4.0.0"
      }
    },
    "make-error": {
      "version": "1.3.6",
      "resolved": "https://registry.npmjs.org/make-error/-/make-error-1.3.6.tgz",
      "integrity": "sha512-s8UhlNe7vPKomQhC1qFelMokr/Sc3AgNbso3n74mVPA5LTZwkB9NlXf4XPamLxJE8h0gh73rM94xvwRT2CVInw==",
      "dev": true
    },
    "object-assign": {
      "version": "4.1.1",
      "resolved": "https://registry.npmjs.org/object-assign/-/object-assign-4.1.1.tgz",
      "integrity": "sha1-IQmtx5ZYh8/AXLvUQsrIv7s2CGM=",
      "dev": true
    },
    "polished": {
      "version": "3.5.1",
      "resolved": "https://registry.npmjs.org/polished/-/polished-3.5.1.tgz",
      "integrity": "sha512-GVbvskpBiDV5TknurGL6OyFfLHsCknxbU8w5iMppT8rW0tLEoQHrIRfrPNPqGXNj3HGhkjRvhmg59Fy7HSnCAw==",
      "dev": true,
      "requires": {
        "@babel/runtime": "^7.8.7"
      }
    },
    "prop-types": {
      "version": "15.7.2",
      "resolved": "https://registry.npmjs.org/prop-types/-/prop-types-15.7.2.tgz",
      "integrity": "sha512-8QQikdH7//R2vurIJSutZ1smHYTcLpRWEOlHnzcWHmBYrOGUysKwSsrC89BCiFj3CbrfJ/nXFdJepOVrY1GCHQ==",
      "dev": true,
      "requires": {
        "loose-envify": "^1.4.0",
        "object-assign": "^4.1.1",
        "react-is": "^16.8.1"
      }
    },
    "react-imgix": {
      "version": "8.6.4",
      "resolved": "https://registry.npmjs.org/react-imgix/-/react-imgix-8.6.4.tgz",
      "integrity": "sha512-gxpMVkoGSCvE4QvApxiYDwwV/UcJc3lO20vi0hutM4zHB/c4LxRU4CjnhLqKZj4rL9mKyNWjtUIqmpowLIfp/Q==",
      "dev": true,
      "requires": {
        "js-base64": "^2.3.2",
        "react-measure": "2.1.3 - 2.2.5",
        "shallowequal": "^1.1.0",
        "warning": "^4.0.1"
      }
    },
    "react-input-mask": {
      "version": "2.0.4",
      "resolved": "https://registry.npmjs.org/react-input-mask/-/react-input-mask-2.0.4.tgz",
      "integrity": "sha512-1hwzMr/aO9tXfiroiVCx5EtKohKwLk/NT8QlJXHQ4N+yJJFyUuMT+zfTpLBwX/lK3PkuMlievIffncpMZ3HGRQ==",
      "dev": true,
      "requires": {
        "invariant": "^2.2.4",
        "warning": "^4.0.2"
      }
    },
    "react-is": {
      "version": "16.13.1",
      "resolved": "https://registry.npmjs.org/react-is/-/react-is-16.13.1.tgz",
      "integrity": "sha512-24e6ynE2H+OKt4kqsOvNd8kBpV65zoxbA4BVsEOB3ARVWQki/DHzaUoC5KuON/BiccDaCCTZBuOcfZs70kR8bQ==",
      "dev": true
    },
    "react-measure": {
      "version": "2.2.5",
      "resolved": "https://registry.npmjs.org/react-measure/-/react-measure-2.2.5.tgz",
      "integrity": "sha512-j1OE5U3AfX97Tk/LNkn2KSdE03hGgBOqUoQQ8QdxHoAudAvP1K1R7hvEH+S5zHILFh7ejGCKK3wWZOMDcHL3mA==",
      "dev": true,
      "requires": {
        "@babel/runtime": "^7.2.0",
        "get-node-dimensions": "^1.2.1",
        "prop-types": "^15.6.2",
        "resize-observer-polyfill": "^1.5.0"
      }
    },
    "regenerator-runtime": {
      "version": "0.13.5",
      "resolved": "https://registry.npmjs.org/regenerator-runtime/-/regenerator-runtime-0.13.5.tgz",
      "integrity": "sha512-ZS5w8CpKFinUzOwW3c83oPeVXoNsrLsaCoLtJvAClH135j/R77RuymhiSErhm2lKcwSCIpmvIWSbDkIfAqKQlA==",
      "dev": true
    },
    "resize-observer-polyfill": {
      "version": "1.5.1",
      "resolved": "https://registry.npmjs.org/resize-observer-polyfill/-/resize-observer-polyfill-1.5.1.tgz",
      "integrity": "sha512-LwZrotdHOo12nQuZlHEmtuXdqGoOD0OhaxopaNFxWzInpEgaLWoVuAMbTzixuosCx2nEG58ngzW3vxdWoxIgdg==",
      "dev": true
    },
    "shallowequal": {
      "version": "1.1.0",
      "resolved": "https://registry.npmjs.org/shallowequal/-/shallowequal-1.1.0.tgz",
      "integrity": "sha512-y0m1JoUZSlPAjXVtPPW70aZWfIL/dSP7AFkRnniLCrK/8MDKog3TySTBmckD+RObVxH0v4Tox67+F14PdED2oQ==",
      "dev": true
    },
    "source-map": {
      "version": "0.6.1",
      "resolved": "https://registry.npmjs.org/source-map/-/source-map-0.6.1.tgz",
      "integrity": "sha512-UjgapumWlbMhkBgzT7Ykc5YXUT46F0iKu8SGXq0bcwP5dz/h0Plj6enJqjz1Zbq2l5WaqYnrVbwWOWMyF3F47g==",
      "dev": true
    },
    "source-map-support": {
      "version": "0.5.16",
      "resolved": "https://registry.npmjs.org/source-map-support/-/source-map-support-0.5.16.tgz",
      "integrity": "sha512-efyLRJDr68D9hBBNIPWFjhpFzURh+KJykQwvMyW5UiZzYwoF6l4YMMDIJJEyFWxWCqfyxLzz6tSfUFR+kXXsVQ==",
      "dev": true,
      "requires": {
        "buffer-from": "^1.0.0",
        "source-map": "^0.6.0"
      }
    },
    "ts-node": {
      "version": "8.8.1",
      "resolved": "https://registry.npmjs.org/ts-node/-/ts-node-8.8.1.tgz",
      "integrity": "sha512-10DE9ONho06QORKAaCBpPiFCdW+tZJuY/84tyypGtl6r+/C7Asq0dhqbRZURuUlLQtZxxDvT8eoj8cGW0ha6Bg==",
      "dev": true,
      "requires": {
        "arg": "^4.1.0",
        "diff": "^4.0.1",
        "make-error": "^1.1.1",
        "source-map-support": "^0.5.6",
        "yn": "3.1.1"
      }
    },
    "warning": {
      "version": "4.0.3",
      "resolved": "https://registry.npmjs.org/warning/-/warning-4.0.3.tgz",
      "integrity": "sha512-rpJyN222KWIvHJ/F53XSZv0Zl/accqHR8et1kpaMTD/fLCRxtV8iX8czMzY7sVZupTI3zcUTg8eycS2kNF9l6w==",
      "dev": true,
      "requires": {
        "loose-envify": "^1.0.0"
      }
    },
    "yn": {
      "version": "3.1.1",
      "resolved": "https://registry.npmjs.org/yn/-/yn-3.1.1.tgz",
      "integrity": "sha512-Ux4ygGWsu2c7isFWe8Yu1YluJmqVhxqK2cLXNQA5AcC3QfbGNpM7fu0Y8b/z16pXLnFxZYvWhd3fhBY9DLmC6Q==",
      "dev": true
    }
  }
}
