{
  "name": "@uswitch/trustyle-utils.theme-composer",
  "version": "0.0.0",
  "lockfileVersion": 1,
  "requires": true,
  "dependencies": {
    "@uswitch/trustyle.badge": {
      "version": "1.0.0",
      "resolved": "https://registry.npmjs.org/@uswitch/trustyle.badge/-/trustyle.badge-1.0.0.tgz",
      "integrity": "sha512-yUhk9dpOWkw6ue9fFX3hnLG4Uqep8RsLytZ/9pfXklNz8pWZNV9qSEsa3AHlB9oCPlt55cmEg3b+zsHnjam6FQ=="
    }
  }
}
