{
	"name": "@uswitch/trustyle.bullet-list-highlight",
	"version": "0.2.43",
	"lockfileVersion": 1,
	"requires": true,
	"dependencies": {
		"@uswitch/trustyle.icon": {
			"version": "0.2.43",
			"resolved": "https://registry.npmjs.org/@uswitch/trustyle.icon/-/trustyle.icon-0.2.43.tgz",
			"integrity": "sha512-NJ9FfJ4PfdXaJaU6P4nQOCcZ1ScafDsB9hQ8ZWCjKM/EGUj172FpYGmUU4gKkmFWVaWfFImN1xCA3SZaSeX0Cg==",
			"requires": {
				"@uswitch/trustyle.styles": "^0.4.20"
			}
		},
		"@uswitch/trustyle.styles": {
			"version": "0.4.20",
			"resolved": "https://registry.npmjs.org/@uswitch/trustyle.styles/-/trustyle.styles-0.4.20.tgz",
			"integrity": "sha512-7ZjMp1L7lCbt5Gpc4GjxcfxVGZzMhxJqKqt9X9/zc9gVpjodn0WAQfugOH8r2byBEuzBE/e+Fh5NMMk/3Befsg==",
			"requires": {
				"facepaint": "^1.2.1"
			}
		},
		"facepaint": {
			"version": "1.2.1",
			"resolved": "https://registry.npmjs.org/facepaint/-/facepaint-1.2.1.tgz",
			"integrity": "sha512-oNvBekbhsm/0PNSOWca5raHNAi6dG960Bx6LJgxDPNF59WpuspgQ17bN5MKwOr7JcFdQYc7StW3VZ28DBZLavQ=="
		},
		"typescript": {
			"version": "3.6.2",
			"resolved": "https://registry.npmjs.org/typescript/-/typescript-3.6.2.tgz",
			"integrity": "sha512-lmQ4L+J6mnu3xweP8+rOrUwzmN+MRAj7TgtJtDaXE5PMyX2kCrklhg3rvOsOIfNeAWMQWO2F1GPc1kMD2vLAfw==",
			"dev": true
		}
	}
}
