{
	"name": "@uswitch/trustyle.input",
<<<<<<< HEAD
	"version": "0.3.43",
	"lockfileVersion": 1,
	"requires": true,
	"dependencies": {
=======
	"version": "0.3.44",
	"lockfileVersion": 1,
	"requires": true,
	"dependencies": {
		"@uswitch/trustyle.frozen-input": {
			"version": "0.3.44",
			"resolved": "https://registry.npmjs.org/@uswitch/trustyle.frozen-input/-/trustyle.frozen-input-0.3.44.tgz",
			"integrity": "sha512-GnK25eV/ifxE/ySa6uVYR3OGV6oMd6iO3PB3JAAJWCGbcY+ox7IXWarOcxWbXxydI8eTedGhcGewfAghbMQY5Q==",
			"requires": {
				"@uswitch/trustyle.icon": "^0.2.43",
				"@uswitch/trustyle.styles": "^0.4.20"
			}
		},
		"@uswitch/trustyle.icon": {
			"version": "0.2.43",
			"resolved": "https://registry.npmjs.org/@uswitch/trustyle.icon/-/trustyle.icon-0.2.43.tgz",
			"integrity": "sha512-NJ9FfJ4PfdXaJaU6P4nQOCcZ1ScafDsB9hQ8ZWCjKM/EGUj172FpYGmUU4gKkmFWVaWfFImN1xCA3SZaSeX0Cg==",
			"requires": {
				"@uswitch/trustyle.styles": "^0.4.20"
			}
		},
		"@uswitch/trustyle.styles": {
			"version": "0.4.20",
			"resolved": "https://registry.npmjs.org/@uswitch/trustyle.styles/-/trustyle.styles-0.4.20.tgz",
			"integrity": "sha512-7ZjMp1L7lCbt5Gpc4GjxcfxVGZzMhxJqKqt9X9/zc9gVpjodn0WAQfugOH8r2byBEuzBE/e+Fh5NMMk/3Befsg==",
			"requires": {
				"facepaint": "^1.2.1"
			}
		},
		"facepaint": {
			"version": "1.2.1",
			"resolved": "https://registry.npmjs.org/facepaint/-/facepaint-1.2.1.tgz",
			"integrity": "sha512-oNvBekbhsm/0PNSOWca5raHNAi6dG960Bx6LJgxDPNF59WpuspgQ17bN5MKwOr7JcFdQYc7StW3VZ28DBZLavQ=="
		},
>>>>>>> origin/master
		"invariant": {
			"version": "2.2.4",
			"resolved": "https://registry.npmjs.org/invariant/-/invariant-2.2.4.tgz",
			"integrity": "sha512-phJfQVBuaJM5raOpJjSfkiD6BpbCE4Ns//LaXl6wGYtUBY83nWS6Rf9tXm2e8VaK60JEjYldbPif/A2B1C2gNA==",
			"requires": {
				"loose-envify": "^1.0.0"
			}
		},
		"js-tokens": {
			"version": "4.0.0",
			"resolved": "https://registry.npmjs.org/js-tokens/-/js-tokens-4.0.0.tgz",
			"integrity": "sha512-RdJUflcE3cUzKiMqQgsCu06FPu9UdIJO0beYbPhHN4k6apgJtifcoCtT9bcxOpYBtpD2kCM6Sbzg4CausW/PKQ=="
		},
		"lodash.debounce": {
			"version": "4.0.8",
			"resolved": "https://registry.npmjs.org/lodash.debounce/-/lodash.debounce-4.0.8.tgz",
			"integrity": "sha1-gteb/zCmfEAF/9XiUVMArZyk168="
		},
		"loose-envify": {
			"version": "1.4.0",
			"resolved": "https://registry.npmjs.org/loose-envify/-/loose-envify-1.4.0.tgz",
			"integrity": "sha512-lyuxPGr/Wfhrlem2CL/UcnUc1zcqKAImBDzukY7Y5F/yQiNdko6+fRLevlw1HgMySw7f611UIY408EtxRSoK3Q==",
			"requires": {
				"js-tokens": "^3.0.0 || ^4.0.0"
			}
		},
		"react-input-mask": {
			"version": "2.0.4",
			"resolved": "https://registry.npmjs.org/react-input-mask/-/react-input-mask-2.0.4.tgz",
			"integrity": "sha512-1hwzMr/aO9tXfiroiVCx5EtKohKwLk/NT8QlJXHQ4N+yJJFyUuMT+zfTpLBwX/lK3PkuMlievIffncpMZ3HGRQ==",
			"requires": {
				"invariant": "^2.2.4",
				"warning": "^4.0.2"
			}
		},
		"typescript": {
			"version": "3.6.2",
			"resolved": "https://registry.npmjs.org/typescript/-/typescript-3.6.2.tgz",
			"integrity": "sha512-lmQ4L+J6mnu3xweP8+rOrUwzmN+MRAj7TgtJtDaXE5PMyX2kCrklhg3rvOsOIfNeAWMQWO2F1GPc1kMD2vLAfw==",
			"dev": true
		},
		"warning": {
			"version": "4.0.3",
			"resolved": "https://registry.npmjs.org/warning/-/warning-4.0.3.tgz",
			"integrity": "sha512-rpJyN222KWIvHJ/F53XSZv0Zl/accqHR8et1kpaMTD/fLCRxtV8iX8czMzY7sVZupTI3zcUTg8eycS2kNF9l6w==",
			"requires": {
				"loose-envify": "^1.0.0"
			}
		}
	}
}
