{
	"name": "@uswitch/trustyle.input",
	"version": "0.3.42",
	"lockfileVersion": 1,
	"requires": true,
	"dependencies": {
		"@uswitch/trustyle.frozen-input": {
			"version": "0.3.42",
			"resolved": "https://registry.npmjs.org/@uswitch/trustyle.frozen-input/-/trustyle.frozen-input-0.3.42.tgz",
			"integrity": "sha512-jUZyOE63lAPthq3K0JY9QPJ6vrPMTtRhoE2oH5hXh8VotVzLwDmuIaGHetAcOnsp6nQLzPjJuR7Kxcv1KkCZPQ==",
			"requires": {
				"@uswitch/trustyle.icon": "^0.2.41",
				"@uswitch/trustyle.styles": "^0.4.18"
			}
		},
		"@uswitch/trustyle.icon": {
			"version": "0.2.41",
			"resolved": "https://registry.npmjs.org/@uswitch/trustyle.icon/-/trustyle.icon-0.2.41.tgz",
			"integrity": "sha512-Kq6RgFOw84pTQo/7QTwn8sz6BDRqbYERgPnOWRVeI/8jrBBt92OGauUvObB70U6NC9F72LCaqE6DwvEnJTi63g==",
			"requires": {
				"@uswitch/trustyle.styles": "^0.4.18"
			}
		},
		"@uswitch/trustyle.styles": {
			"version": "0.4.18",
			"resolved": "https://registry.npmjs.org/@uswitch/trustyle.styles/-/trustyle.styles-0.4.18.tgz",
			"integrity": "sha512-uzpAGzefY7tevMoU8sAGfDeeuvvjhVxpsrK9reGcB1xqU/UgOCz38P6+QKwZt3SGtPNOY4LOWRuDfCKr0wKPnw==",
			"requires": {
				"facepaint": "^1.2.1"
			}
		},
		"facepaint": {
			"version": "1.2.1",
			"resolved": "https://registry.npmjs.org/facepaint/-/facepaint-1.2.1.tgz",
			"integrity": "sha512-oNvBekbhsm/0PNSOWca5raHNAi6dG960Bx6LJgxDPNF59WpuspgQ17bN5MKwOr7JcFdQYc7StW3VZ28DBZLavQ=="
		},
		"invariant": {
			"version": "2.2.4",
			"resolved": "https://registry.npmjs.org/invariant/-/invariant-2.2.4.tgz",
			"integrity": "sha512-phJfQVBuaJM5raOpJjSfkiD6BpbCE4Ns//LaXl6wGYtUBY83nWS6Rf9tXm2e8VaK60JEjYldbPif/A2B1C2gNA==",
			"requires": {
				"loose-envify": "^1.0.0"
			}
		},
		"js-tokens": {
			"version": "4.0.0",
			"resolved": "https://registry.npmjs.org/js-tokens/-/js-tokens-4.0.0.tgz",
			"integrity": "sha512-RdJUflcE3cUzKiMqQgsCu06FPu9UdIJO0beYbPhHN4k6apgJtifcoCtT9bcxOpYBtpD2kCM6Sbzg4CausW/PKQ=="
		},
		"lodash.debounce": {
			"version": "4.0.8",
			"resolved": "https://registry.npmjs.org/lodash.debounce/-/lodash.debounce-4.0.8.tgz",
			"integrity": "sha1-gteb/zCmfEAF/9XiUVMArZyk168="
		},
		"loose-envify": {
			"version": "1.4.0",
			"resolved": "https://registry.npmjs.org/loose-envify/-/loose-envify-1.4.0.tgz",
			"integrity": "sha512-lyuxPGr/Wfhrlem2CL/UcnUc1zcqKAImBDzukY7Y5F/yQiNdko6+fRLevlw1HgMySw7f611UIY408EtxRSoK3Q==",
			"requires": {
				"js-tokens": "^3.0.0 || ^4.0.0"
			}
		},
		"react-input-mask": {
			"version": "2.0.4",
			"resolved": "https://registry.npmjs.org/react-input-mask/-/react-input-mask-2.0.4.tgz",
			"integrity": "sha512-1hwzMr/aO9tXfiroiVCx5EtKohKwLk/NT8QlJXHQ4N+yJJFyUuMT+zfTpLBwX/lK3PkuMlievIffncpMZ3HGRQ==",
			"requires": {
				"invariant": "^2.2.4",
				"warning": "^4.0.2"
			}
		},
		"typescript": {
			"version": "3.6.2",
			"resolved": "https://registry.npmjs.org/typescript/-/typescript-3.6.2.tgz",
			"integrity": "sha512-lmQ4L+J6mnu3xweP8+rOrUwzmN+MRAj7TgtJtDaXE5PMyX2kCrklhg3rvOsOIfNeAWMQWO2F1GPc1kMD2vLAfw==",
			"dev": true
		},
		"warning": {
			"version": "4.0.3",
			"resolved": "https://registry.npmjs.org/warning/-/warning-4.0.3.tgz",
			"integrity": "sha512-rpJyN222KWIvHJ/F53XSZv0Zl/accqHR8et1kpaMTD/fLCRxtV8iX8czMzY7sVZupTI3zcUTg8eycS2kNF9l6w==",
			"requires": {
				"loose-envify": "^1.0.0"
			}
		}
	}
}
