{
  "name": "@uswitch/trustyle.breadcrumbs",
  "version": "0.0.8",
  "lockfileVersion": 1,
  "requires": true,
  "dependencies": {
    "@uswitch/trustyle.icon": {
      "version": "0.2.47",
      "resolved": "https://registry.npmjs.org/@uswitch/trustyle.icon/-/trustyle.icon-0.2.47.tgz",
      "integrity": "sha512-aoyIDYsbBD/O4nnyjfnbkS5D8Ee/ice/datANqsa8AvQv+uLFjq7ArhLVrOK088Ll5N8FqrFCHceqRaosPH6pA==",
      "requires": {
        "@uswitch/trustyle.styles": "^0.4.23"
      }
    },
    "@uswitch/trustyle.styles": {
      "version": "0.4.23",
      "resolved": "https://registry.npmjs.org/@uswitch/trustyle.styles/-/trustyle.styles-0.4.23.tgz",
      "integrity": "sha512-iT25hrDM6/Nd+xjW7ihK5nw8wse7ItlOY2u/HY/qRWmSMEyfo9mQiqb+ELpmdw62PCrnMWZ/BYVITmaj7lJNNA==",
      "requires": {
        "facepaint": "^1.2.1"
      }
    },
    "facepaint": {
      "version": "1.2.1",
      "resolved": "https://registry.npmjs.org/facepaint/-/facepaint-1.2.1.tgz",
      "integrity": "sha512-oNvBekbhsm/0PNSOWca5raHNAi6dG960Bx6LJgxDPNF59WpuspgQ17bN5MKwOr7JcFdQYc7StW3VZ28DBZLavQ=="
    }
  }
}
