{
	"name": "@uswitch/trustyle.embedded-video",
	"version": "0.1.4",
	"lockfileVersion": 1,
	"requires": true,
	"dependencies": {
		"@uswitch/trustyle.accordion": {
			"version": "0.1.9",
			"resolved": "https://registry.npmjs.org/@uswitch/trustyle.accordion/-/trustyle.accordion-0.1.9.tgz",
			"integrity": "sha512-yCTUTg0fYuHDxzKv9XIdtTNOGVXQvKnSzmpYS+ZnNiyU/21BcmYXf6xjlwb6HmjthyNne4g/ViebCpMA4JE7Og==",
			"requires": {
				"@uswitch/trustyle.icon": "^0.2.48"
			}
		},
		"@uswitch/trustyle.icon": {
			"version": "0.2.48",
			"resolved": "https://registry.npmjs.org/@uswitch/trustyle.icon/-/trustyle.icon-0.2.48.tgz",
			"integrity": "sha512-0tCoHWYV08NUt+jjVqNHTssyjCsp6n2WScPnJNPHoxPbwvwZQZ/L2S3x8quRVqSd9WC78LobVBXQqCUnazKe0g==",
			"requires": {
				"@uswitch/trustyle.styles": "^0.4.24"
			}
		},
		"@uswitch/trustyle.styles": {
			"version": "0.4.24",
			"resolved": "https://registry.npmjs.org/@uswitch/trustyle.styles/-/trustyle.styles-0.4.24.tgz",
			"integrity": "sha512-+3/fBD4g6rb7NN8MXiIN6OGUwYpzQu4d3bZ1p1y9GH/vcBFaH5ACeVWgrv0msgkXmWiC42iEG91IsAmjft6gWw==",
			"requires": {
				"facepaint": "^1.2.1"
			}
		},
		"facepaint": {
			"version": "1.2.1",
			"resolved": "https://registry.npmjs.org/facepaint/-/facepaint-1.2.1.tgz",
			"integrity": "sha512-oNvBekbhsm/0PNSOWca5raHNAi6dG960Bx6LJgxDPNF59WpuspgQ17bN5MKwOr7JcFdQYc7StW3VZ28DBZLavQ=="
		},
		"typescript": {
			"version": "3.6.2",
			"resolved": "https://registry.npmjs.org/typescript/-/typescript-3.6.2.tgz",
			"integrity": "sha512-lmQ4L+J6mnu3xweP8+rOrUwzmN+MRAj7TgtJtDaXE5PMyX2kCrklhg3rvOsOIfNeAWMQWO2F1GPc1kMD2vLAfw==",
			"dev": true
		}
	}
}
