{
	"name": "@uswitch/trustyle.embedded-video",
	"version": "0.1.1",
	"lockfileVersion": 1,
	"requires": true,
	"dependencies": {
		"@uswitch/trustyle.accordion": {
			"version": "0.1.6",
			"resolved": "https://registry.npmjs.org/@uswitch/trustyle.accordion/-/trustyle.accordion-0.1.6.tgz",
			"integrity": "sha512-tXFKO919L6VARY/ffqiBuxo5B2YsEV15Fsm8nidoMOPVI00Qca+9GtAhTnKcwqdtpVDyNwv06QmxTxppnPUPyQ==",
			"requires": {
				"@uswitch/trustyle.icon": "^0.2.45"
			}
		},
		"@uswitch/trustyle.icon": {
			"version": "0.2.45",
			"resolved": "https://registry.npmjs.org/@uswitch/trustyle.icon/-/trustyle.icon-0.2.45.tgz",
			"integrity": "sha512-buS8U5/eYXtk7AHt5QtiBnKEWTgPBTdlWDuNOTvxFukYUWCzkfNRAntf8emyOCrF81V8CBe2tGqOCBeKfLzidQ==",
			"requires": {
				"@uswitch/trustyle.styles": "^0.4.22"
			}
		},
		"@uswitch/trustyle.styles": {
			"version": "0.4.22",
			"resolved": "https://registry.npmjs.org/@uswitch/trustyle.styles/-/trustyle.styles-0.4.22.tgz",
			"integrity": "sha512-mJhfZs7x8kmekQ0KeJvKHC9algI2IR/2YlEsOcC/h0BuqpeNU2J7CFiSC1//GCRE7zOG1cZ6I4uxfBvsQgPCjw==",
			"requires": {
				"facepaint": "^1.2.1"
			}
		},
		"facepaint": {
			"version": "1.2.1",
			"resolved": "https://registry.npmjs.org/facepaint/-/facepaint-1.2.1.tgz",
			"integrity": "sha512-oNvBekbhsm/0PNSOWca5raHNAi6dG960Bx6LJgxDPNF59WpuspgQ17bN5MKwOr7JcFdQYc7StW3VZ28DBZLavQ=="
		},
		"typescript": {
			"version": "3.6.2",
			"resolved": "https://registry.npmjs.org/typescript/-/typescript-3.6.2.tgz",
			"integrity": "sha512-lmQ4L+J6mnu3xweP8+rOrUwzmN+MRAj7TgtJtDaXE5PMyX2kCrklhg3rvOsOIfNeAWMQWO2F1GPc1kMD2vLAfw==",
			"dev": true
		}
	}
}
