{
  "name": "@uswitch/trustyle.call-out",
  "version": "0.1.5",
  "lockfileVersion": 1,
  "requires": true,
  "dependencies": {
    "@uswitch/trustyle.icon": {
      "version": "0.2.44",
      "resolved": "https://registry.npmjs.org/@uswitch/trustyle.icon/-/trustyle.icon-0.2.44.tgz",
      "integrity": "sha512-BA9mWf+GoNpVzDOao2mem4uEl5Igegse1WmboQanc1+iF7ebKNA2fUnAUz5rnQWhLCCwa52ecCV1TC4rFzq44Q==",
      "requires": {
        "@uswitch/trustyle.styles": "^0.4.21"
      }
    },
    "@uswitch/trustyle.styles": {
      "version": "0.4.21",
      "resolved": "https://registry.npmjs.org/@uswitch/trustyle.styles/-/trustyle.styles-0.4.21.tgz",
      "integrity": "sha512-CrJ3al5DRa9RPXc+nDVqxmK1E769mMYmize0YP6oqsFyeDP0CPlmL5vNkE4W9qIf/oIYiR7z0RxPuneLnElcsw==",
      "requires": {
        "facepaint": "^1.2.1"
      }
    },
    "facepaint": {
      "version": "1.2.1",
      "resolved": "https://registry.npmjs.org/facepaint/-/facepaint-1.2.1.tgz",
      "integrity": "sha512-oNvBekbhsm/0PNSOWca5raHNAi6dG960Bx6LJgxDPNF59WpuspgQ17bN5MKwOr7JcFdQYc7StW3VZ28DBZLavQ=="
    }
  }
}
