{
	"name": "@uswitch/trustyle.bullet-list-timeline",
<<<<<<< HEAD
	"version": "0.2.37",
=======
	"version": "0.2.38",
>>>>>>> origin/master
	"lockfileVersion": 1,
	"requires": true,
	"dependencies": {
		"@uswitch/trustyle.styles": {
			"version": "0.4.20",
			"resolved": "https://registry.npmjs.org/@uswitch/trustyle.styles/-/trustyle.styles-0.4.20.tgz",
			"integrity": "sha512-7ZjMp1L7lCbt5Gpc4GjxcfxVGZzMhxJqKqt9X9/zc9gVpjodn0WAQfugOH8r2byBEuzBE/e+Fh5NMMk/3Befsg==",
			"requires": {
				"facepaint": "^1.2.1"
			}
		},
		"facepaint": {
			"version": "1.2.1",
			"resolved": "https://registry.npmjs.org/facepaint/-/facepaint-1.2.1.tgz",
			"integrity": "sha512-oNvBekbhsm/0PNSOWca5raHNAi6dG960Bx6LJgxDPNF59WpuspgQ17bN5MKwOr7JcFdQYc7StW3VZ28DBZLavQ=="
		},
		"typescript": {
			"version": "3.6.2",
			"resolved": "https://registry.npmjs.org/typescript/-/typescript-3.6.2.tgz",
			"integrity": "sha512-lmQ4L+J6mnu3xweP8+rOrUwzmN+MRAj7TgtJtDaXE5PMyX2kCrklhg3rvOsOIfNeAWMQWO2F1GPc1kMD2vLAfw==",
			"dev": true
		}
	}
}
